{
  "name": "n-message",
  "version": "1.0.0",
  "lockfileVersion": 2,
  "requires": true,
  "packages": {
    "": {
      "name": "n-message",
      "version": "1.0.0",
      "license": "ISC",
      "dependencies": {
        "@lihh/n-utils": "^1.0.33"
      }
    },
    "node_modules/@lihh/n-utils": {
      "version": "1.0.33",
      "resolved": "https://registry.npmjs.org/@lihh/n-utils/-/n-utils-1.0.33.tgz",
      "integrity": "sha512-MHzKi0vo1u5wkefPX4k4j9fG4ASvprcPi3caxaRlhZycauT/xqFlB9O8pJeySVM4X2eDQLUsfupBHSevo1r6hw=="
    }
  },
  "dependencies": {
    "@lihh/n-utils": {
      "version": "1.0.33",
      "resolved": "https://registry.npmjs.org/@lihh/n-utils/-/n-utils-1.0.33.tgz",
      "integrity": "sha512-MHzKi0vo1u5wkefPX4k4j9fG4ASvprcPi3caxaRlhZycauT/xqFlB9O8pJeySVM4X2eDQLUsfupBHSevo1r6hw=="
    }
  }
}
