{
  "name": "@lihh/n-context-menu",
  "version": "1.0.2",
  "lockfileVersion": 2,
  "requires": true,
  "packages": {
    "": {
      "name": "@lihh/n-context-menu",
      "version": "1.0.2",
      "license": "MIT",
      "dependencies": {
        "@lihh/n-utils": "^1.0.1",
        "@lihh/n-wrapper": "^1.0.4"
      }
    },
    "node_modules/@lihh/n-utils": {
      "version": "1.0.1",
      "resolved": "https://registry.npmmirror.com/@lihh/n-utils/-/n-utils-1.0.1.tgz",
      "integrity": "sha512-0tipjXLPDysFCKVQBhkc79+daM5hDh1LCwdvwbZGz4up0P4n2P4EZk4J3bX4grOS6poGFs7+6Y3WsYeygfGoLQ=="
    },
    "node_modules/@lihh/n-wrapper": {
      "version": "1.0.4",
      "resolved": "https://registry.npmmirror.com/@lihh/n-wrapper/-/n-wrapper-1.0.4.tgz",
      "integrity": "sha512-xCMHOq9kvBeU3NZjgW2iFPUyl/xNoo77pEzt864i0PrPLdDbc4KMrYoQIHQpeXKlHiaRY6arhHVLU53YOojo7g=="
    }
  },
  "dependencies": {
    "@lihh/n-utils": {
      "version": "1.0.1",
      "resolved": "https://registry.npmmirror.com/@lihh/n-utils/-/n-utils-1.0.1.tgz",
      "integrity": "sha512-0tipjXLPDysFCKVQBhkc79+daM5hDh1LCwdvwbZGz4up0P4n2P4EZk4J3bX4grOS6poGFs7+6Y3WsYeygfGoLQ=="
    },
    "@lihh/n-wrapper": {
      "version": "1.0.4",
      "resolved": "https://registry.npmmirror.com/@lihh/n-wrapper/-/n-wrapper-1.0.4.tgz",
      "integrity": "sha512-xCMHOq9kvBeU3NZjgW2iFPUyl/xNoo77pEzt864i0PrPLdDbc4KMrYoQIHQpeXKlHiaRY6arhHVLU53YOojo7g=="
    }
  }
}
